
Microsoft Visual Studio Solution File, Format Version 12.00
# Visual Studio Version 16
VisualStudioVersion = 16.0.30717.126
MinimumVisualStudioVersion = 10.0.40219.1
Project("{9A19103F-16F7-4668-BE54-9A1E7A4F7556}") = "CMIUICXCore", "CMIUICXCore\CMIUICXCore.csproj", "{FFE1ECB3-47D6-40B5-9F84-FB752CCA18FA}"
EndProject
Project("{FAE04EC0-301F-11D3-BF4B-00C04F79EFBC}") = "TestF", "TestF\TestF.csproj", "{F5A1E441-301E-486A-9591-BA4C00E4CD96}"
EndProject
Global
	GlobalSection(SolutionConfigurationPlatforms) = preSolution
		Debug|Any CPU = Debug|Any CPU
		Release|Any CPU = Release|Any CPU
	EndGlobalSection
	GlobalSection(ProjectConfigurationPlatforms) = postSolution
		{FFE1ECB3-47D6-40B5-9F84-FB752CCA18FA}.Debug|Any CPU.ActiveCfg = Debug|Any CPU
		{FFE1ECB3-47D6-40B5-9F84-FB752CCA18FA}.Debug|Any CPU.Build.0 = Debug|Any CPU
		{FFE1ECB3-47D6-40B5-9F84-FB752CCA18FA}.Release|Any CPU.ActiveCfg = Release|Any CPU
		{FFE1ECB3-47D6-40B5-9F84-FB752CCA18FA}.Release|Any CPU.Build.0 = Release|Any CPU
		{F5A1E441-301E-486A-9591-BA4C00E4CD96}.Debug|Any CPU.ActiveCfg = Debug|Any CPU
		{F5A1E441-301E-486A-9591-BA4C00E4CD96}.Debug|Any CPU.Build.0 = Debug|Any CPU
		{F5A1E441-301E-486A-9591-BA4C00E4CD96}.Release|Any CPU.ActiveCfg = Release|Any CPU
		{F5A1E441-301E-486A-9591-BA4C00E4CD96}.Release|Any CPU.Build.0 = Release|Any CPU
	EndGlobalSection
	GlobalSection(SolutionProperties) = preSolution
		HideSolutionNode = FALSE
	EndGlobalSection
	GlobalSection(ExtensibilityGlobals) = postSolution
		SolutionGuid = {B28FF9FB-412D-4A90-A482-5A8252DFD4ED}
	EndGlobalSection
EndGlobal
